
Microsoft Visual Studio Solution File, Format Version 12.00
# Visual Studio 15
VisualStudioVersion = 15.0.28307.421
MinimumVisualStudioVersion = 10.0.40219.1
Project("{FAE04EC0-301F-11D3-BF4B-00C04F79EFBC}") = "collections-program", "collections-program\collections-program.csproj", "{D89E248D-35DC-4D9E-A2E1-FBD6ED957718}"
EndProject
Global
	GlobalSection(SolutionConfigurationPlatforms) = preSolution
		Debug|Any CPU = Debug|Any CPU
		Release|Any CPU = Release|Any CPU
	EndGlobalSection
	GlobalSection(ProjectConfigurationPlatforms) = postSolution
		{D89E248D-35DC-4D9E-A2E1-FBD6ED957718}.Debug|Any CPU.ActiveCfg = Debug|Any CPU
		{D89E248D-35DC-4D9E-A2E1-FBD6ED957718}.Debug|Any CPU.Build.0 = Debug|Any CPU
		{D89E248D-35DC-4D9E-A2E1-FBD6ED957718}.Release|Any CPU.ActiveCfg = Release|Any CPU
		{D89E248D-35DC-4D9E-A2E1-FBD6ED957718}.Release|Any CPU.Build.0 = Release|Any CPU
	EndGlobalSection
	GlobalSection(SolutionProperties) = preSolution
		HideSolutionNode = FALSE
	EndGlobalSection
	GlobalSection(ExtensibilityGlobals) = postSolution
		SolutionGuid = {A36A18F4-CEBA-494F-B554-6026FBECE0BD}
	EndGlobalSection
EndGlobal
