
Microsoft Visual Studio Solution File, Format Version 12.00
# Visual Studio 15
VisualStudioVersion = 15.0.28307.421
MinimumVisualStudioVersion = 10.0.40219.1
Project("{FAE04EC0-301F-11D3-BF4B-00C04F79EFBC}") = "Shapes.App", "Shapes.App\Shapes.App.csproj", "{D11E27F6-3A49-460B-9FF8-55E0D6AA5901}"
EndProject
Project("{FAE04EC0-301F-11D3-BF4B-00C04F79EFBC}") = "Shapes.Library", "Shapes.Library\Shapes.Library.csproj", "{8AE6EEC0-3E58-4EC8-AAF9-7D92241D2453}"
EndProject
Global
	GlobalSection(SolutionConfigurationPlatforms) = preSolution
		Debug|Any CPU = Debug|Any CPU
		Release|Any CPU = Release|Any CPU
	EndGlobalSection
	GlobalSection(ProjectConfigurationPlatforms) = postSolution
		{D11E27F6-3A49-460B-9FF8-55E0D6AA5901}.Debug|Any CPU.ActiveCfg = Debug|Any CPU
		{D11E27F6-3A49-460B-9FF8-55E0D6AA5901}.Debug|Any CPU.Build.0 = Debug|Any CPU
		{D11E27F6-3A49-460B-9FF8-55E0D6AA5901}.Release|Any CPU.ActiveCfg = Release|Any CPU
		{D11E27F6-3A49-460B-9FF8-55E0D6AA5901}.Release|Any CPU.Build.0 = Release|Any CPU
		{8AE6EEC0-3E58-4EC8-AAF9-7D92241D2453}.Debug|Any CPU.ActiveCfg = Debug|Any CPU
		{8AE6EEC0-3E58-4EC8-AAF9-7D92241D2453}.Debug|Any CPU.Build.0 = Debug|Any CPU
		{8AE6EEC0-3E58-4EC8-AAF9-7D92241D2453}.Release|Any CPU.ActiveCfg = Release|Any CPU
		{8AE6EEC0-3E58-4EC8-AAF9-7D92241D2453}.Release|Any CPU.Build.0 = Release|Any CPU
	EndGlobalSection
	GlobalSection(SolutionProperties) = preSolution
		HideSolutionNode = FALSE
	EndGlobalSection
	GlobalSection(ExtensibilityGlobals) = postSolution
		SolutionGuid = {76BE0A6D-D71F-4E7C-804C-D4243560EEA5}
	EndGlobalSection
EndGlobal
